
Microsoft Visual Studio Solution File, Format Version 12.00
# Visual Studio Version 16
VisualStudioVersion = 16.0.31729.503
MinimumVisualStudioVersion = 10.0.40219.1
Project("{9A19103F-16F7-4668-BE54-9A1E7A4F7556}") = "Lesons №2", "Lesons №2\Lesons №2.csproj", "{A221ACD0-A2CF-4C0F-BE74-D6BA9EFBCBCC}"
EndProject
Project("{FAE04EC0-301F-11D3-BF4B-00C04F79EFBC}") = "Lessons№2_Library", "Lessons№2_Library\Lessons№2_Library.csproj", "{3409663A-6AFA-4062-87F6-37BFD9530019}"
EndProject
Global
	GlobalSection(SolutionConfigurationPlatforms) = preSolution
		Debug|Any CPU = Debug|Any CPU
		Release|Any CPU = Release|Any CPU
	EndGlobalSection
	GlobalSection(ProjectConfigurationPlatforms) = postSolution
		{A221ACD0-A2CF-4C0F-BE74-D6BA9EFBCBCC}.Debug|Any CPU.ActiveCfg = Debug|Any CPU
		{A221ACD0-A2CF-4C0F-BE74-D6BA9EFBCBCC}.Debug|Any CPU.Build.0 = Debug|Any CPU
		{A221ACD0-A2CF-4C0F-BE74-D6BA9EFBCBCC}.Release|Any CPU.ActiveCfg = Release|Any CPU
		{A221ACD0-A2CF-4C0F-BE74-D6BA9EFBCBCC}.Release|Any CPU.Build.0 = Release|Any CPU
		{3409663A-6AFA-4062-87F6-37BFD9530019}.Debug|Any CPU.ActiveCfg = Debug|Any CPU
		{3409663A-6AFA-4062-87F6-37BFD9530019}.Debug|Any CPU.Build.0 = Debug|Any CPU
		{3409663A-6AFA-4062-87F6-37BFD9530019}.Release|Any CPU.ActiveCfg = Release|Any CPU
		{3409663A-6AFA-4062-87F6-37BFD9530019}.Release|Any CPU.Build.0 = Release|Any CPU
	EndGlobalSection
	GlobalSection(SolutionProperties) = preSolution
		HideSolutionNode = FALSE
	EndGlobalSection
	GlobalSection(ExtensibilityGlobals) = postSolution
		SolutionGuid = {DF713232-2586-4C54-9A81-679C815A68AA}
	EndGlobalSection
EndGlobal
